<?xml version="1.0" encoding="utf-8"?>
<Project ToolsVersion="4.0" xmlns="http://schemas.microsoft.com/developer/msbuild/2003">
  <ItemGroup>
    <Filter Include="vector">
      <UniqueIdentifier>{8dbd834b-30dd-4c0a-8e0f-0096235109df}</UniqueIdentifier>
    </Filter>
  </ItemGroup>
  <ItemGroup>
    <ClInclude Include="Vector2D.h">
      <Filter>vector</Filter>
    </ClInclude>
  </ItemGroup>
  <ItemGroup>
    <ClCompile Include="Vector2D.cpp">
      <Filter>vector</Filter>
    </ClCompile>
  </ItemGroup>
</Project>