<?xml version="1.0" encoding="utf-8"?>
<Project ToolsVersion="4.0" xmlns="http://schemas.microsoft.com/developer/msbuild/2003">
  <ItemGroup>
    <Filter Include="vector">
      <UniqueIdentifier>{8dbd834b-30dd-4c0a-8e0f-0096235109df}</UniqueIdentifier>
    </Filter>
    <Filter Include="utility">
      <UniqueIdentifier>{7d9d0549-b8db-4bae-970c-1c681cb4fce8}</UniqueIdentifier>
    </Filter>
  </ItemGroup>
  <ItemGroup>
    <ClInclude Include="Vector2D.h">
      <Filter>vector</Filter>
    </ClInclude>
    <ClInclude Include="utility\common.h">
      <Filter>utility</Filter>
    </ClInclude>
    <ClInclude Include="utility\utilityType.h">
      <Filter>utility</Filter>
    </ClInclude>
    <ClInclude Include="utility\utilityMacros.h">
      <Filter>utility</Filter>
    </ClInclude>
  </ItemGroup>
  <ItemGroup>
    <ClCompile Include="Vector2D.cpp">
      <Filter>vector</Filter>
    </ClCompile>
    <ClCompile Include="main.cpp" />
  </ItemGroup>
</Project>